
Microsoft Visual Studio Solution File, Format Version 12.00
# Visual Studio 15
VisualStudioVersion = 15.0.28307.329
MinimumVisualStudioVersion = 10.0.40219.1
Project("{FAE04EC0-301F-11D3-BF4B-00C04F79EFBC}") = "OncoFundingPortalAPI", "OncoFundingPortalAPI\OncoFundingPortalAPI.csproj", "{C807EC32-8FDE-4FFA-9767-1FBD216DFCF3}"
EndProject
Project("{FAE04EC0-301F-11D3-BF4B-00C04F79EFBC}") = "OncoFundingDAL", "OncoFundingDAL\OncoFundingDAL.csproj", "{6E3255AE-4347-42C9-BB97-091BB5528A35}"
EndProject
Project("{FAE04EC0-301F-11D3-BF4B-00C04F79EFBC}") = "OncoFundingBAL", "OncoFundingBAL\OncoFundingBAL.csproj", "{ECBD421C-E8FC-4DEE-9240-784F5D7636FA}"
EndProject
Project("{FAE04EC0-301F-11D3-BF4B-00C04F79EFBC}") = "OncoFundingUtilities", "OncoFundingUtilities\OncoFundingUtilities.csproj", "{D580FE45-6410-4038-A4DC-7342A12CF795}"
EndProject
Project("{FAE04EC0-301F-11D3-BF4B-00C04F79EFBC}") = "OncoFundingApp", "OncoFundingApp\OncoFundingApp.csproj", "{70CB9751-4C33-4D68-9045-0D9C9B4050EC}"
EndProject
Global
	GlobalSection(SolutionConfigurationPlatforms) = preSolution
		Debug|Any CPU = Debug|Any CPU
		Release|Any CPU = Release|Any CPU
	EndGlobalSection
	GlobalSection(ProjectConfigurationPlatforms) = postSolution
		{C807EC32-8FDE-4FFA-9767-1FBD216DFCF3}.Debug|Any CPU.ActiveCfg = Debug|Any CPU
		{C807EC32-8FDE-4FFA-9767-1FBD216DFCF3}.Debug|Any CPU.Build.0 = Debug|Any CPU
		{C807EC32-8FDE-4FFA-9767-1FBD216DFCF3}.Release|Any CPU.ActiveCfg = Release|Any CPU
		{C807EC32-8FDE-4FFA-9767-1FBD216DFCF3}.Release|Any CPU.Build.0 = Release|Any CPU
		{6E3255AE-4347-42C9-BB97-091BB5528A35}.Debug|Any CPU.ActiveCfg = Debug|Any CPU
		{6E3255AE-4347-42C9-BB97-091BB5528A35}.Debug|Any CPU.Build.0 = Debug|Any CPU
		{6E3255AE-4347-42C9-BB97-091BB5528A35}.Release|Any CPU.ActiveCfg = Release|Any CPU
		{6E3255AE-4347-42C9-BB97-091BB5528A35}.Release|Any CPU.Build.0 = Release|Any CPU
		{ECBD421C-E8FC-4DEE-9240-784F5D7636FA}.Debug|Any CPU.ActiveCfg = Debug|Any CPU
		{ECBD421C-E8FC-4DEE-9240-784F5D7636FA}.Debug|Any CPU.Build.0 = Debug|Any CPU
		{ECBD421C-E8FC-4DEE-9240-784F5D7636FA}.Release|Any CPU.ActiveCfg = Release|Any CPU
		{ECBD421C-E8FC-4DEE-9240-784F5D7636FA}.Release|Any CPU.Build.0 = Release|Any CPU
		{D580FE45-6410-4038-A4DC-7342A12CF795}.Debug|Any CPU.ActiveCfg = Debug|Any CPU
		{D580FE45-6410-4038-A4DC-7342A12CF795}.Debug|Any CPU.Build.0 = Debug|Any CPU
		{D580FE45-6410-4038-A4DC-7342A12CF795}.Release|Any CPU.ActiveCfg = Release|Any CPU
		{D580FE45-6410-4038-A4DC-7342A12CF795}.Release|Any CPU.Build.0 = Release|Any CPU
		{70CB9751-4C33-4D68-9045-0D9C9B4050EC}.Debug|Any CPU.ActiveCfg = Debug|Any CPU
		{70CB9751-4C33-4D68-9045-0D9C9B4050EC}.Debug|Any CPU.Build.0 = Debug|Any CPU
		{70CB9751-4C33-4D68-9045-0D9C9B4050EC}.Release|Any CPU.ActiveCfg = Release|Any CPU
		{70CB9751-4C33-4D68-9045-0D9C9B4050EC}.Release|Any CPU.Build.0 = Release|Any CPU
	EndGlobalSection
	GlobalSection(SolutionProperties) = preSolution
		HideSolutionNode = FALSE
	EndGlobalSection
	GlobalSection(ExtensibilityGlobals) = postSolution
		SolutionGuid = {2B7CE4EC-E799-48FC-98C5-240E31C3D79A}
	EndGlobalSection
EndGlobal
